// !$*UTF8*$!
{
	archiveVersion = 1;
	classes = {
	};
	objectVersion = 46;
	objects = {

/* Begin PBXBuildFile section */
		24F3AE5D1A6886BE0069EDB3 /* AppDelegate.swift in Sources */ = {isa = PBXBuildFile; fileRef = 24F3AE5C1A6886BE0069EDB3 /* AppDelegate.swift */; };
		24F3AE5F1A6886BE0069EDB3 /* ViewController.swift in Sources */ = {isa = PBXBuildFile; fileRef = 24F3AE5E1A6886BE0069EDB3 /* ViewController.swift */; };
		24F3AE621A6886BE0069EDB3 /* Main.storyboard in Resources */ = {isa = PBXBuildFile; fileRef = 24F3AE601A6886BE0069EDB3 /* Main.storyboard */; };
		24F3AE641A6886BE0069EDB3 /* Images.xcassets in Resources */ = {isa = PBXBuildFile; fileRef = 24F3AE631A6886BE0069EDB3 /* Images.xcassets */; };
		24F3AE671A6886BE0069EDB3 /* LaunchScreen.xib in Resources */ = {isa = PBXBuildFile; fileRef = 24F3AE651A6886BE0069EDB3 /* LaunchScreen.xib */; };
		24F3AE731A6886BF0069EDB3 /* ScavengerHuntTests.swift in Sources */ = {isa = PBXBuildFile; fileRef = 24F3AE721A6886BF0069EDB3 /* ScavengerHuntTests.swift */; };
/* End PBXBuildFile section */

/* Begin PBXContainerItemProxy section */
		24F3AE6D1A6886BE0069EDB3 /* PBXContainerItemProxy */ = {
			isa = PBXContainerItemProxy;
			containerPortal = 24F3AE4F1A6886BE0069EDB3 /* Project object */;
			proxyType = 1;
			remoteGlobalIDString = 24F3AE561A6886BE0069EDB3;
			remoteInfo = ScavengerHunt;
		};
/* End PBXContainerItemProxy section */

/* Begin PBXFileReference section */
		24F3AE571A6886BE0069EDB3 /* ScavengerHunt.app */ = {isa = PBXFileReference; explicitFileType = wrapper.application; includeInIndex = 0; path = ScavengerHunt.app; sourceTree = BUILT_PRODUCTS_DIR; };
		24F3AE5B1A6886BE0069EDB3 /* Info.plist */ = {isa = PBXFileReference; lastKnownFileType = text.plist.xml; path = Info.plist; sourceTree = "<group>"; };
		24F3AE5C1A6886BE0069EDB3 /* AppDelegate.swift */ = {isa = PBXFileReference; lastKnownFileType = sourcecode.swift; path = AppDelegate.swift; sourceTree = "<group>"; };
		24F3AE5E1A6886BE0069EDB3 /* ViewController.swift */ = {isa = PBXFileReference; lastKnownFileType = sourcecode.swift; path = ViewController.swift; sourceTree = "<group>"; };
		24F3AE611A6886BE0069EDB3 /* Base */ = {isa = PBXFileReference; lastKnownFileType = file.storyboard; name = Base; path = Base.lproj/Main.storyboard; sourceTree = "<group>"; };
		24F3AE631A6886BE0069EDB3 /* Images.xcassets */ = {isa = PBXFileReference; lastKnownFileType = folder.assetcatalog; path = Images.xcassets; sourceTree = "<group>"; };
		24F3AE661A6886BE0069EDB3 /* Base */ = {isa = PBXFileReference; lastKnownFileType = file.xib; name = Base; path = Base.lproj/LaunchScreen.xib; sourceTree = "<group>"; };
		24F3AE6C1A6886BE0069EDB3 /* ScavengerHuntTests.xctest */ = {isa = PBXFileReference; explicitFileType = wrapper.cfbundle; includeInIndex = 0; path = ScavengerHuntTests.xctest; sourceTree = BUILT_PRODUCTS_DIR; };
		24F3AE711A6886BE0069EDB3 /* Info.plist */ = {isa = PBXFileReference; lastKnownFileType = text.plist.xml; path = Info.plist; sourceTree = "<group>"; };
		24F3AE721A6886BF0069EDB3 /* ScavengerHuntTests.swift */ = {isa = PBXFileReference; lastKnownFileType = sourcecode.swift; path = ScavengerHuntTests.swift; sourceTree = "<group>"; };
/* End PBXFileReference section */

/* Begin PBXFrameworksBuildPhase section */
		24F3AE541A6886BE0069EDB3 /* Frameworks */ = {
			isa = PBXFrameworksBuildPhase;
			buildActionMask = 2147483647;
			files = (
			);
			runOnlyForDeploymentPostprocessing = 0;
		};
		24F3AE691A6886BE0069EDB3 /* Frameworks */ = {
			isa = PBXFrameworksBuildPhase;
			buildActionMask = 2147483647;
			files = (
			);
			runOnlyForDeploymentPostprocessing = 0;
		};
/* End PBXFrameworksBuildPhase section */

/* Begin PBXGroup section */
		24F3AE4E1A6886BE0069EDB3 = {
			isa = PBXGroup;
			children = (
				24F3AE591A6886BE0069EDB3 /* ScavengerHunt */,
				24F3AE6F1A6886BE0069EDB3 /* ScavengerHuntTests */,
				24F3AE581A6886BE0069EDB3 /* Products */,
			);
			sourceTree = "<group>";
		};
		24F3AE581A6886BE0069EDB3 /* Products */ = {
			isa = PBXGroup;
			children = (
				24F3AE571A6886BE0069EDB3 /* ScavengerHunt.app */,
				24F3AE6C1A6886BE0069EDB3 /* ScavengerHuntTests.xctest */,
			);
			name = Products;
			sourceTree = "<group>";
		};
		24F3AE591A6886BE0069EDB3 /* ScavengerHunt */ = {
			isa = PBXGroup;
			children = (
				24F3AE5C1A6886BE0069EDB3 /* AppDelegate.swift */,
				24F3AE5E1A6886BE0069EDB3 /* ViewController.swift */,
				24F3AE601A6886BE0069EDB3 /* Main.storyboard */,
				24F3AE631A6886BE0069EDB3 /* Images.xcassets */,
				24F3AE651A6886BE0069EDB3 /* LaunchScreen.xib */,
				24F3AE5A1A6886BE0069EDB3 /* Supporting Files */,
			);
			path = ScavengerHunt;
			sourceTree = "<group>";
		};
		24F3AE5A1A6886BE0069EDB3 /* Supporting Files */ = {
			isa = PBXGroup;
			children = (
				24F3AE5B1A6886BE0069EDB3 /* Info.plist */,
			);
			name = "Supporting Files";
			sourceTree = "<group>";
		};
		24F3AE6F1A6886BE0069EDB3 /* ScavengerHuntTests */ = {
			isa = PBXGroup;
			children = (
				24F3AE721A6886BF0069EDB3 /* ScavengerHuntTests.swift */,
				24F3AE701A6886BE0069EDB3 /* Supporting Files */,
			);
			path = ScavengerHuntTests;
			sourceTree = "<group>";
		};
		24F3AE701A6886BE0069EDB3 /* Supporting Files */ = {
			isa = PBXGroup;
			children = (
				24F3AE711A6886BE0069EDB3 /* Info.plist */,
			);
			name = "Supporting Files";
			sourceTree = "<group>";
		};
/* End PBXGroup section */

/* Begin PBXNativeTarget section */
		24F3AE561A6886BE0069EDB3 /* ScavengerHunt */ = {
			isa = PBXNativeTarget;
			buildConfigurationList = 24F3AE761A6886BF0069EDB3 /* Build configuration list for PBXNativeTarget "ScavengerHunt" */;
			buildPhases = (
				24F3AE531A6886BE0069EDB3 /* Sources */,
				24F3AE541A6886BE0069EDB3 /* Frameworks */,
				24F3AE551A6886BE0069EDB3 /* Resources */,
			);
			buildRules = (
			);
			dependencies = (
			);
			name = ScavengerHunt;
			productName = ScavengerHunt;
			productReference = 24F3AE571A6886BE0069EDB3 /* ScavengerHunt.app */;
			productType = "com.apple.product-type.application";
		};
		24F3AE6B1A6886BE0069EDB3 /* ScavengerHuntTests */ = {
			isa = PBXNativeTarget;
			buildConfigurationList = 24F3AE791A6886BF0069EDB3 /* Build configuration list for PBXNativeTarget "ScavengerHuntTests" */;
			buildPhases = (
				24F3AE681A6886BE0069EDB3 /* Sources */,
				24F3AE691A6886BE0069EDB3 /* Frameworks */,
				24F3AE6A1A6886BE0069EDB3 /* Resources */,
			);
			buildRules = (
			);
			dependencies = (
				24F3AE6E1A6886BE0069EDB3 /* PBXTargetDependency */,
			);
			name = ScavengerHuntTests;
			productName = ScavengerHuntTests;
			productReference = 24F3AE6C1A6886BE0069EDB3 /* ScavengerHuntTests.xctest */;
			productType = "com.apple.product-type.bundle.unit-test";
		};
/* End PBXNativeTarget section */

/* Begin PBXProject section */
		24F3AE4F1A6886BE0069EDB3 /* Project object */ = {
			isa = PBXProject;
			attributes = {
				LastUpgradeCheck = 0610;
				ORGANIZATIONNAME = "Charles Wang";
				TargetAttributes = {
					24F3AE561A6886BE0069EDB3 = {
						CreatedOnToolsVersion = 6.1.1;
					};
					24F3AE6B1A6886BE0069EDB3 = {
						CreatedOnToolsVersion = 6.1.1;
						TestTargetID = 24F3AE561A6886BE0069EDB3;
					};
				};
			};
			buildConfigurationList = 24F3AE521A6886BE0069EDB3 /* Build configuration list for PBXProject "ScavengerHunt" */;
			compatibilityVersion = "Xcode 3.2";
			developmentRegion = English;
			hasScannedForEncodings = 0;
			knownRegions = (
				en,
				Base,
			);
			mainGroup = 24F3AE4E1A6886BE0069EDB3;
			productRefGroup = 24F3AE581A6886BE0069EDB3 /* Products */;
			projectDirPath = "";
			projectRoot = "";
			targets = (
				24F3AE561A6886BE0069EDB3 /* ScavengerHunt */,
				24F3AE6B1A6886BE0069EDB3 /* ScavengerHuntTests */,
			);
		};
/* End PBXProject section */

/* Begin PBXResourcesBuildPhase section */
		24F3AE551A6886BE0069EDB3 /* Resources */ = {
			isa = PBXResourcesBuildPhase;
			buildActionMask = 2147483647;
			files = (
				24F3AE621A6886BE0069EDB3 /* Main.storyboard in Resources */,
				24F3AE671A6886BE0069EDB3 /* LaunchScreen.xib in Resources */,
				24F3AE641A6886BE0069EDB3 /* Images.xcassets in Resources */,
			);
			runOnlyForDeploymentPostprocessing = 0;
		};
		24F3AE6A1A6886BE0069EDB3 /* Resources */ = {
			isa = PBXResourcesBuildPhase;
			buildActionMask = 2147483647;
			files = (
			);
			runOnlyForDeploymentPostprocessing = 0;
		};
/* End PBXResourcesBuildPhase section */

/* Begin PBXSourcesBuildPhase section */
		24F3AE531A6886BE0069EDB3 /* Sources */ = {
			isa = PBXSourcesBuildPhase;
			buildActionMask = 2147483647;
			files = (
				24F3AE5F1A6886BE0069EDB3 /* ViewController.swift in Sources */,
				24F3AE5D1A6886BE0069EDB3 /* AppDelegate.swift in Sources */,
			);
			runOnlyForDeploymentPostprocessing = 0;
		};
		24F3AE681A6886BE0069EDB3 /* Sources */ = {
			isa = PBXSourcesBuildPhase;
			buildActionMask = 2147483647;
			files = (
				24F3AE731A6886BF0069EDB3 /* ScavengerHuntTests.swift in Sources */,
			);
			runOnlyForDeploymentPostprocessing = 0;
		};
/* End PBXSourcesBuildPhase section */

/* Begin PBXTargetDependency section */
		24F3AE6E1A6886BE0069EDB3 /* PBXTargetDependency */ = {
			isa = PBXTargetDependency;
			target = 24F3AE561A6886BE0069EDB3 /* ScavengerHunt */;
			targetProxy = 24F3AE6D1A6886BE0069EDB3 /* PBXContainerItemProxy */;
		};
/* End PBXTargetDependency section */

/* Begin PBXVariantGroup section */
		24F3AE601A6886BE0069EDB3 /* Main.storyboard */ = {
			isa = PBXVariantGroup;
			children = (
				24F3AE611A6886BE0069EDB3 /* Base */,
			);
			name = Main.storyboard;
			sourceTree = "<group>";
		};
		24F3AE651A6886BE0069EDB3 /* LaunchScreen.xib */ = {
			isa = PBXVariantGroup;
			children = (
				24F3AE661A6886BE0069EDB3 /* Base */,
			);
			name = LaunchScreen.xib;
			sourceTree = "<group>";
		};
/* End PBXVariantGroup section */

/* Begin XCBuildConfiguration section */
		24F3AE741A6886BF0069EDB3 /* Debug */ = {
			isa = XCBuildConfiguration;
			buildSettings = {
				ALWAYS_SEARCH_USER_PATHS = NO;
				CLANG_CXX_LANGUAGE_STANDARD = "gnu++0x";
				CLANG_CXX_LIBRARY = "libc++";
				CLANG_ENABLE_MODULES = YES;
				CLANG_ENABLE_OBJC_ARC = YES;
				CLANG_WARN_BOOL_CONVERSION = YES;
				CLANG_WARN_CONSTANT_CONVERSION = YES;
				CLANG_WARN_DIRECT_OBJC_ISA_USAGE = YES_ERROR;
				CLANG_WARN_EMPTY_BODY = YES;
				CLANG_WARN_ENUM_CONVERSION = YES;
				CLANG_WARN_INT_CONVERSION = YES;
				CLANG_WARN_OBJC_ROOT_CLASS = YES_ERROR;
				CLANG_WARN_UNREACHABLE_CODE = YES;
				CLANG_WARN__DUPLICATE_METHOD_MATCH = YES;
				"CODE_SIGN_IDENTITY[sdk=iphoneos*]" = "iPhone Developer";
				COPY_PHASE_STRIP = NO;
				ENABLE_STRICT_OBJC_MSGSEND = YES;
				GCC_C_LANGUAGE_STANDARD = gnu99;
				GCC_DYNAMIC_NO_PIC = NO;
				GCC_OPTIMIZATION_LEVEL = 0;
				GCC_PREPROCESSOR_DEFINITIONS = (
					"DEBUG=1",
					"$(inherited)",
				);
				GCC_SYMBOLS_PRIVATE_EXTERN = NO;
				GCC_WARN_64_TO_32_BIT_CONVERSION = YES;
				GCC_WARN_ABOUT_RETURN_TYPE = YES_ERROR;
				GCC_WARN_UNDECLARED_SELECTOR = YES;
				GCC_WARN_UNINITIALIZED_AUTOS = YES_AGGRESSIVE;
				GCC_WARN_UNUSED_FUNCTION = YES;
				GCC_WARN_UNUSED_VARIABLE = YES;
				IPHONEOS_DEPLOYMENT_TARGET = 8.1;
				MTL_ENABLE_DEBUG_INFO = YES;
				ONLY_ACTIVE_ARCH = YES;
				SDKROOT = iphoneos;
				SWIFT_OPTIMIZATION_LEVEL = "-Onone";
				TARGETED_DEVICE_FAMILY = "1,2";
			};
			name = Debug;
		};
		24F3AE751A6886BF0069EDB3 /* Release */ = {
			isa = XCBuildConfiguration;
			buildSettings = {
				ALWAYS_SEARCH_USER_PATHS = NO;
				CLANG_CXX_LANGUAGE_STANDARD = "gnu++0x";
				CLANG_CXX_LIBRARY = "libc++";
				CLANG_ENABLE_MODULES = YES;
				CLANG_ENABLE_OBJC_ARC = YES;
				CLANG_WARN_BOOL_CONVERSION = YES;
				CLANG_WARN_CONSTANT_CONVERSION = YES;
				CLANG_WARN_DIRECT_OBJC_ISA_USAGE = YES_ERROR;
				CLANG_WARN_EMPTY_BODY = YES;
				CLANG_WARN_ENUM_CONVERSION = YES;
				CLANG_WARN_INT_CONVERSION = YES;
				CLANG_WARN_OBJC_ROOT_CLASS = YES_ERROR;
				CLANG_WARN_UNREACHABLE_CODE = YES;
				CLANG_WARN__DUPLICATE_METHOD_MATCH = YES;
				"CODE_SIGN_IDENTITY[sdk=iphoneos*]" = "iPhone Developer";
				COPY_PHASE_STRIP = YES;
				ENABLE_NS_ASSERTIONS = NO;
				ENABLE_STRICT_OBJC_MSGSEND = YES;
				GCC_C_LANGUAGE_STANDARD = gnu99;
				GCC_WARN_64_TO_32_BIT_CONVERSION = YES;
				GCC_WARN_ABOUT_RETURN_TYPE = YES_ERROR;
				GCC_WARN_UNDECLARED_SELECTOR = YES;
				GCC_WARN_UNINITIALIZED_AUTOS = YES_AGGRESSIVE;
				GCC_WARN_UNUSED_FUNCTION = YES;
				GCC_WARN_UNUSED_VARIABLE = YES;
				IPHONEOS_DEPLOYMENT_TARGET = 8.1;
				MTL_ENABLE_DEBUG_INFO = NO;
				SDKROOT = iphoneos;
				TARGETED_DEVICE_FAMILY = "1,2";
				VALIDATE_PRODUCT = YES;
			};
			name = Release;
		};
		24F3AE771A6886BF0069EDB3 /* Debug */ = {
			isa = XCBuildConfiguration;
			buildSettings = {
				ASSETCATALOG_COMPILER_APPICON_NAME = AppIcon;
				INFOPLIST_FILE = ScavengerHunt/Info.plist;
				LD_RUNPATH_SEARCH_PATHS = "$(inherited) @executable_path/Frameworks";
				PRODUCT_NAME = "$(TARGET_NAME)";
			};
			name = Debug;
		};
		24F3AE781A6886BF0069EDB3 /* Release */ = {
			isa = XCBuildConfiguration;
			buildSettings = {
				ASSETCATALOG_COMPILER_APPICON_NAME = AppIcon;
				INFOPLIST_FILE = ScavengerHunt/Info.plist;
				LD_RUNPATH_SEARCH_PATHS = "$(inherited) @executable_path/Frameworks";
				PRODUCT_NAME = "$(TARGET_NAME)";
			};
			name = Release;
		};
		24F3AE7A1A6886BF0069EDB3 /* Debug */ = {
			isa = XCBuildConfiguration;
			buildSettings = {
				BUNDLE_LOADER = "$(TEST_HOST)";
				FRAMEWORK_SEARCH_PATHS = (
					"$(SDKROOT)/Developer/Library/Frameworks",
					"$(inherited)",
				);
				GCC_PREPROCESSOR_DEFINITIONS = (
					"DEBUG=1",
					"$(inherited)",
				);
				INFOPLIST_FILE = ScavengerHuntTests/Info.plist;
				LD_RUNPATH_SEARCH_PATHS = "$(inherited) @executable_path/Frameworks @loader_path/Frameworks";
				PRODUCT_NAME = "$(TARGET_NAME)";
				TEST_HOST = "$(BUILT_PRODUCTS_DIR)/ScavengerHunt.app/ScavengerHunt";
			};
			name = Debug;
		};
		24F3AE7B1A6886BF0069EDB3 /* Release */ = {
			isa = XCBuildConfiguration;
			buildSettings = {
				BUNDLE_LOADER = "$(TEST_HOST)";
				FRAMEWORK_SEARCH_PATHS = (
					"$(SDKROOT)/Developer/Library/Frameworks",
					"$(inherited)",
				);
				INFOPLIST_FILE = ScavengerHuntTests/Info.plist;
				LD_RUNPATH_SEARCH_PATHS = "$(inherited) @executable_path/Frameworks @loader_path/Frameworks";
				PRODUCT_NAME = "$(TARGET_NAME)";
				TEST_HOST = "$(BUILT_PRODUCTS_DIR)/ScavengerHunt.app/ScavengerHunt";
			};
			name = Release;
		};
/* End XCBuildConfiguration section */

/* Begin XCConfigurationList section */
		24F3AE521A6886BE0069EDB3 /* Build configuration list for PBXProject "ScavengerHunt" */ = {
			isa = XCConfigurationList;
			buildConfigurations = (
				24F3AE741A6886BF0069EDB3 /* Debug */,
				24F3AE751A6886BF0069EDB3 /* Release */,
			);
			defaultConfigurationIsVisible = 0;
			defaultConfigurationName = Release;
		};
		24F3AE761A6886BF0069EDB3 /* Build configuration list for PBXNativeTarget "ScavengerHunt" */ = {
			isa = XCConfigurationList;
			buildConfigurations = (
				24F3AE771A6886BF0069EDB3 /* Debug */,
				24F3AE781A6886BF0069EDB3 /* Release */,
			);
			defaultConfigurationIsVisible = 0;
		};
		24F3AE791A6886BF0069EDB3 /* Build configuration list for PBXNativeTarget "ScavengerHuntTests" */ = {
			isa = XCConfigurationList;
			buildConfigurations = (
				24F3AE7A1A6886BF0069EDB3 /* Debug */,
				24F3AE7B1A6886BF0069EDB3 /* Release */,
			);
			defaultConfigurationIsVisible = 0;
		};
/* End XCConfigurationList section */
	};
	rootObject = 24F3AE4F1A6886BE0069EDB3 /* Project object */;
}
